<?xml version="1.0" encoding="utf-8"?>
<Project ToolsVersion="4.0" xmlns="http://schemas.microsoft.com/developer/msbuild/2003">
  <ItemGroup>
    <Filter Include="Source Files">
      <UniqueIdentifier>{4FC737F1-C7A5-4376-A066-2A32D752A2FF}</UniqueIdentifier>
      <Extensions>cpp;c;cc;cxx;def;odl;idl;hpj;bat;asm;asmx</Extensions>
    </Filter>
    <Filter Include="Header Files">
      <UniqueIdentifier>{93995380-89BD-4b04-88EB-625FBE52EBFB}</UniqueIdentifier>
      <Extensions>h;hpp;hxx;hm;inl;inc;xsd</Extensions>
    </Filter>
    <Filter Include="Resource Files">
      <UniqueIdentifier>{67DA6AB6-F800-4c08-8B7A-83BB121AAD01}</UniqueIdentifier>
      <Extensions>rc;ico;cur;bmp;dlg;rc2;rct;bin;rgs;gif;jpg;jpeg;jpe;resx;tiff;tif;png;wav;mfcribbon-ms</Extensions>
    </Filter>
    <Filter Include="Driver Files">
      <UniqueIdentifier>{8E41214B-6785-4CFE-B992-037D68949A14}</UniqueIdentifier>
      <Extensions>inf;inv;inx;mof;mc;</Extensions>
    </Filter>
  </ItemGroup>
  <ItemGroup>
    <ClCompile Include="main.cpp">
      <Filter>Source Files</Filter>
    </ClCompile>
    <ClCompile Include="validation.cpp">
      <Filter>Source Files</Filter>
    </ClCompile>
    <ClCompile Include="vmx.cpp">
      <Filter>Source Files</Filter>
    </ClCompile>
    <ClCompile Include="memory.cpp">
      <Filter>Source Files</Filter>
    </ClCompile>
    <ClCompile Include="multiprocessing.cpp">
      <Filter>Source Files</Filter>
    </ClCompile>
    <ClCompile Include="loader.cpp">
      <Filter>Source Files</Filter>
    </ClCompile>
    <ClCompile Include="intel.cpp">
      <Filter>Source Files</Filter>
    </ClCompile>
    <ClCompile Include="logging.cpp">
      <Filter>Source Files</Filter>
    </ClCompile>
    <ClCompile Include="ept.cpp">
      <Filter>Source Files</Filter>
    </ClCompile>
    <ClCompile Include="vmcs.cpp">
      <Filter>Source Files</Filter>
    </ClCompile>
    <ClCompile Include="module_manager.cpp">
      <Filter>Source Files</Filter>
    </ClCompile>
    <ClCompile Include="token_stealing_module.cpp">
      <Filter>Source Files</Filter>
    </ClCompile>
    <ClCompile Include="basic_module.cpp">
      <Filter>Source Files</Filter>
    </ClCompile>
    <ClCompile Include="base_module.cpp">
      <Filter>Source Files</Filter>
    </ClCompile>
  </ItemGroup>
  <ItemGroup>
    <ClInclude Include="validation.h">
      <Filter>Header Files</Filter>
    </ClInclude>
    <ClInclude Include="intel.h">
      <Filter>Header Files</Filter>
    </ClInclude>
    <ClInclude Include="vmx.h">
      <Filter>Header Files</Filter>
    </ClInclude>
    <ClInclude Include="multiprocessing.h">
      <Filter>Header Files</Filter>
    </ClInclude>
    <ClInclude Include="memory.h">
      <Filter>Header Files</Filter>
    </ClInclude>
    <ClInclude Include="asm_helpers.h">
      <Filter>Header Files</Filter>
    </ClInclude>
    <ClInclude Include="scope_guard.h">
      <Filter>Header Files</Filter>
    </ClInclude>
    <ClInclude Include="kstd.h">
      <Filter>Header Files</Filter>
    </ClInclude>
    <ClInclude Include="loader.h">
      <Filter>Header Files</Filter>
    </ClInclude>
    <ClInclude Include="logging.h">
      <Filter>Header Files</Filter>
    </ClInclude>
    <ClInclude Include="ept.h">
      <Filter>Header Files</Filter>
    </ClInclude>
    <ClInclude Include="vmcs.h">
      <Filter>Header Files</Filter>
    </ClInclude>
    <ClInclude Include="vcpu.h">
      <Filter>Header Files</Filter>
    </ClInclude>
    <ClInclude Include="base_module.h">
      <Filter>Header Files</Filter>
    </ClInclude>
    <ClInclude Include="module_manager.h">
      <Filter>Header Files</Filter>
    </ClInclude>
    <ClInclude Include="token_stealing_module.h">
      <Filter>Header Files</Filter>
    </ClInclude>
    <ClInclude Include="basic_module.h">
      <Filter>Header Files</Filter>
    </ClInclude>
  </ItemGroup>
  <ItemGroup>
    <MASM Include="asm_helpers.asm">
      <Filter>Source Files</Filter>
    </MASM>
  </ItemGroup>
</Project>